// !$*UTF8*$!
{
	archiveVersion = 1;
	classes = {
	};
	objectVersion = 46;
	objects = {

/* Begin PBXBuildFile section */
		3AC355CB1C25A6B80002562C /* HOGEFuga.h in CopyFiles */ = {isa = PBXBuildFile; fileRef = 3AC355CA1C25A6B80002562C /* HOGEFuga.h */; };
		3AC355D51C25A7850002562C /* HOGEFugaService.m in Sources */ = {isa = PBXBuildFile; fileRef = 3AC355D41C25A7850002562C /* HOGEFugaService.m */; };
		3ACD6F641C53C7DC00647A7F /* AppDelegate.swift in Sources */ = {isa = PBXBuildFile; fileRef = 3ACD6F631C53C7DC00647A7F /* AppDelegate.swift */; };
		3ACD6F661C53C7DC00647A7F /* ViewController.swift in Sources */ = {isa = PBXBuildFile; fileRef = 3ACD6F651C53C7DC00647A7F /* ViewController.swift */; };
		3ACD6F691C53C7DC00647A7F /* Main.storyboard in Resources */ = {isa = PBXBuildFile; fileRef = 3ACD6F671C53C7DC00647A7F /* Main.storyboard */; };
		3ACD6F6B1C53C7DC00647A7F /* Assets.xcassets in Resources */ = {isa = PBXBuildFile; fileRef = 3ACD6F6A1C53C7DC00647A7F /* Assets.xcassets */; };
		3ACD6F6E1C53C7DC00647A7F /* LaunchScreen.storyboard in Resources */ = {isa = PBXBuildFile; fileRef = 3ACD6F6C1C53C7DC00647A7F /* LaunchScreen.storyboard */; };
		3ACD6F741C53C7F600647A7F /* HOGEFuga.framework in Frameworks */ = {isa = PBXBuildFile; fileRef = 3ACD6F731C53C7F600647A7F /* HOGEFuga.framework */; };
/* End PBXBuildFile section */

/* Begin PBXCopyFilesBuildPhase section */
		3AC355C51C25A6B80002562C /* CopyFiles */ = {
			isa = PBXCopyFilesBuildPhase;
			buildActionMask = 2147483647;
			dstPath = "include/$(PRODUCT_NAME)";
			dstSubfolderSpec = 16;
			files = (
				3AC355CB1C25A6B80002562C /* HOGEFuga.h in CopyFiles */,
			);
			runOnlyForDeploymentPostprocessing = 0;
		};
/* End PBXCopyFilesBuildPhase section */

/* Begin PBXFileReference section */
		3AC355C71C25A6B80002562C /* libHOGEFuga.a */ = {isa = PBXFileReference; explicitFileType = archive.ar; includeInIndex = 0; path = libHOGEFuga.a; sourceTree = BUILT_PRODUCTS_DIR; };
		3AC355CA1C25A6B80002562C /* HOGEFuga.h */ = {isa = PBXFileReference; lastKnownFileType = sourcecode.c.h; path = HOGEFuga.h; sourceTree = "<group>"; };
		3AC355D31C25A7850002562C /* HOGEFugaService.h */ = {isa = PBXFileReference; fileEncoding = 4; lastKnownFileType = sourcecode.c.h; path = HOGEFugaService.h; sourceTree = "<group>"; };
		3AC355D41C25A7850002562C /* HOGEFugaService.m */ = {isa = PBXFileReference; fileEncoding = 4; lastKnownFileType = sourcecode.c.objc; path = HOGEFugaService.m; sourceTree = "<group>"; };
		3AC355D81C25B0590002562C /* Info.plist */ = {isa = PBXFileReference; fileEncoding = 4; lastKnownFileType = text.plist.xml; path = Info.plist; sourceTree = "<group>"; };
		3ACD6F611C53C7DC00647A7F /* UseHogefugaApplication.app */ = {isa = PBXFileReference; explicitFileType = wrapper.application; includeInIndex = 0; path = UseHogefugaApplication.app; sourceTree = BUILT_PRODUCTS_DIR; };
		3ACD6F631C53C7DC00647A7F /* AppDelegate.swift */ = {isa = PBXFileReference; lastKnownFileType = sourcecode.swift; path = AppDelegate.swift; sourceTree = "<group>"; };
		3ACD6F651C53C7DC00647A7F /* ViewController.swift */ = {isa = PBXFileReference; lastKnownFileType = sourcecode.swift; path = ViewController.swift; sourceTree = "<group>"; };
		3ACD6F681C53C7DC00647A7F /* Base */ = {isa = PBXFileReference; lastKnownFileType = file.storyboard; name = Base; path = Base.lproj/Main.storyboard; sourceTree = "<group>"; };
		3ACD6F6A1C53C7DC00647A7F /* Assets.xcassets */ = {isa = PBXFileReference; lastKnownFileType = folder.assetcatalog; path = Assets.xcassets; sourceTree = "<group>"; };
		3ACD6F6D1C53C7DC00647A7F /* Base */ = {isa = PBXFileReference; lastKnownFileType = file.storyboard; name = Base; path = Base.lproj/LaunchScreen.storyboard; sourceTree = "<group>"; };
		3ACD6F6F1C53C7DC00647A7F /* Info.plist */ = {isa = PBXFileReference; lastKnownFileType = text.plist.xml; path = Info.plist; sourceTree = "<group>"; };
		3ACD6F731C53C7F600647A7F /* HOGEFuga.framework */ = {isa = PBXFileReference; lastKnownFileType = wrapper.framework; path = HOGEFuga.framework; sourceTree = SOURCE_ROOT; };
/* End PBXFileReference section */

/* Begin PBXFrameworksBuildPhase section */
		3AC355C41C25A6B80002562C /* Frameworks */ = {
			isa = PBXFrameworksBuildPhase;
			buildActionMask = 2147483647;
			files = (
			);
			runOnlyForDeploymentPostprocessing = 0;
		};
		3ACD6F5E1C53C7DC00647A7F /* Frameworks */ = {
			isa = PBXFrameworksBuildPhase;
			buildActionMask = 2147483647;
			files = (
				3ACD6F741C53C7F600647A7F /* HOGEFuga.framework in Frameworks */,
			);
			runOnlyForDeploymentPostprocessing = 0;
		};
/* End PBXFrameworksBuildPhase section */

/* Begin PBXGroup section */
		3AC355BE1C25A6B80002562C = {
			isa = PBXGroup;
			children = (
				3AC355C91C25A6B80002562C /* HOGEFuga */,
				3ACD6F621C53C7DC00647A7F /* UseHogefugaApplication */,
				3AC355C81C25A6B80002562C /* Products */,
			);
			sourceTree = "<group>";
		};
		3AC355C81C25A6B80002562C /* Products */ = {
			isa = PBXGroup;
			children = (
				3AC355C71C25A6B80002562C /* libHOGEFuga.a */,
				3ACD6F611C53C7DC00647A7F /* UseHogefugaApplication.app */,
			);
			name = Products;
			sourceTree = "<group>";
		};
		3AC355C91C25A6B80002562C /* HOGEFuga */ = {
			isa = PBXGroup;
			children = (
				3AC355CA1C25A6B80002562C /* HOGEFuga.h */,
				3AC355D31C25A7850002562C /* HOGEFugaService.h */,
				3AC355D41C25A7850002562C /* HOGEFugaService.m */,
				3AC355D81C25B0590002562C /* Info.plist */,
			);
			path = HOGEFuga;
			sourceTree = "<group>";
		};
		3ACD6F621C53C7DC00647A7F /* UseHogefugaApplication */ = {
			isa = PBXGroup;
			children = (
				3ACD6F731C53C7F600647A7F /* HOGEFuga.framework */,
				3ACD6F631C53C7DC00647A7F /* AppDelegate.swift */,
				3ACD6F651C53C7DC00647A7F /* ViewController.swift */,
				3ACD6F671C53C7DC00647A7F /* Main.storyboard */,
				3ACD6F6A1C53C7DC00647A7F /* Assets.xcassets */,
				3ACD6F6C1C53C7DC00647A7F /* LaunchScreen.storyboard */,
				3ACD6F6F1C53C7DC00647A7F /* Info.plist */,
			);
			path = UseHogefugaApplication;
			sourceTree = "<group>";
		};
/* End PBXGroup section */

/* Begin PBXNativeTarget section */
		3AC355C61C25A6B80002562C /* HOGEFuga */ = {
			isa = PBXNativeTarget;
			buildConfigurationList = 3AC355D01C25A6B80002562C /* Build configuration list for PBXNativeTarget "HOGEFuga" */;
			buildPhases = (
				3AC355C31C25A6B80002562C /* Sources */,
				3AC355C41C25A6B80002562C /* Frameworks */,
				3AC355C51C25A6B80002562C /* CopyFiles */,
			);
			buildRules = (
			);
			dependencies = (
			);
			name = HOGEFuga;
			productName = HOGEFuga;
			productReference = 3AC355C71C25A6B80002562C /* libHOGEFuga.a */;
			productType = "com.apple.product-type.library.static";
		};
		3ACD6F601C53C7DC00647A7F /* UseHogefugaApplication */ = {
			isa = PBXNativeTarget;
			buildConfigurationList = 3ACD6F721C53C7DC00647A7F /* Build configuration list for PBXNativeTarget "UseHogefugaApplication" */;
			buildPhases = (
				3ACD6F5D1C53C7DC00647A7F /* Sources */,
				3ACD6F5E1C53C7DC00647A7F /* Frameworks */,
				3ACD6F5F1C53C7DC00647A7F /* Resources */,
			);
			buildRules = (
			);
			dependencies = (
			);
			name = UseHogefugaApplication;
			productName = UseHogefugaApplication;
			productReference = 3ACD6F611C53C7DC00647A7F /* UseHogefugaApplication.app */;
			productType = "com.apple.product-type.application";
		};
/* End PBXNativeTarget section */

/* Begin PBXProject section */
		3AC355BF1C25A6B80002562C /* Project object */ = {
			isa = PBXProject;
			attributes = {
				LastSwiftUpdateCheck = 0720;
				LastUpgradeCheck = 0720;
				ORGANIZATIONNAME = "Hoge, inc.";
				TargetAttributes = {
					3AC355C61C25A6B80002562C = {
						CreatedOnToolsVersion = 7.2;
					};
					3ACD6F601C53C7DC00647A7F = {
						CreatedOnToolsVersion = 7.2;
					};
				};
			};
			buildConfigurationList = 3AC355C21C25A6B80002562C /* Build configuration list for PBXProject "HOGEFuga" */;
			compatibilityVersion = "Xcode 3.2";
			developmentRegion = English;
			hasScannedForEncodings = 0;
			knownRegions = (
				en,
				Base,
			);
			mainGroup = 3AC355BE1C25A6B80002562C;
			productRefGroup = 3AC355C81C25A6B80002562C /* Products */;
			projectDirPath = "";
			projectRoot = "";
			targets = (
				3AC355C61C25A6B80002562C /* HOGEFuga */,
				3ACD6F601C53C7DC00647A7F /* UseHogefugaApplication */,
			);
		};
/* End PBXProject section */

/* Begin PBXResourcesBuildPhase section */
		3ACD6F5F1C53C7DC00647A7F /* Resources */ = {
			isa = PBXResourcesBuildPhase;
			buildActionMask = 2147483647;
			files = (
				3ACD6F6E1C53C7DC00647A7F /* LaunchScreen.storyboard in Resources */,
				3ACD6F6B1C53C7DC00647A7F /* Assets.xcassets in Resources */,
				3ACD6F691C53C7DC00647A7F /* Main.storyboard in Resources */,
			);
			runOnlyForDeploymentPostprocessing = 0;
		};
/* End PBXResourcesBuildPhase section */

/* Begin PBXSourcesBuildPhase section */
		3AC355C31C25A6B80002562C /* Sources */ = {
			isa = PBXSourcesBuildPhase;
			buildActionMask = 2147483647;
			files = (
				3AC355D51C25A7850002562C /* HOGEFugaService.m in Sources */,
			);
			runOnlyForDeploymentPostprocessing = 0;
		};
		3ACD6F5D1C53C7DC00647A7F /* Sources */ = {
			isa = PBXSourcesBuildPhase;
			buildActionMask = 2147483647;
			files = (
				3ACD6F661C53C7DC00647A7F /* ViewController.swift in Sources */,
				3ACD6F641C53C7DC00647A7F /* AppDelegate.swift in Sources */,
			);
			runOnlyForDeploymentPostprocessing = 0;
		};
/* End PBXSourcesBuildPhase section */

/* Begin PBXVariantGroup section */
		3ACD6F671C53C7DC00647A7F /* Main.storyboard */ = {
			isa = PBXVariantGroup;
			children = (
				3ACD6F681C53C7DC00647A7F /* Base */,
			);
			name = Main.storyboard;
			sourceTree = "<group>";
		};
		3ACD6F6C1C53C7DC00647A7F /* LaunchScreen.storyboard */ = {
			isa = PBXVariantGroup;
			children = (
				3ACD6F6D1C53C7DC00647A7F /* Base */,
			);
			name = LaunchScreen.storyboard;
			sourceTree = "<group>";
		};
/* End PBXVariantGroup section */

/* Begin XCBuildConfiguration section */
		3AC355CE1C25A6B80002562C /* Debug */ = {
			isa = XCBuildConfiguration;
			buildSettings = {
				ALWAYS_SEARCH_USER_PATHS = NO;
				CLANG_CXX_LANGUAGE_STANDARD = "gnu++0x";
				CLANG_CXX_LIBRARY = "libc++";
				CLANG_ENABLE_MODULES = YES;
				CLANG_ENABLE_OBJC_ARC = YES;
				CLANG_WARN_BOOL_CONVERSION = YES;
				CLANG_WARN_CONSTANT_CONVERSION = YES;
				CLANG_WARN_DIRECT_OBJC_ISA_USAGE = YES_ERROR;
				CLANG_WARN_EMPTY_BODY = YES;
				CLANG_WARN_ENUM_CONVERSION = YES;
				CLANG_WARN_INT_CONVERSION = YES;
				CLANG_WARN_OBJC_ROOT_CLASS = YES_ERROR;
				CLANG_WARN_UNREACHABLE_CODE = YES;
				CLANG_WARN__DUPLICATE_METHOD_MATCH = YES;
				"CODE_SIGN_IDENTITY[sdk=iphoneos*]" = "iPhone Developer";
				COPY_PHASE_STRIP = NO;
				DEBUG_INFORMATION_FORMAT = dwarf;
				ENABLE_STRICT_OBJC_MSGSEND = YES;
				ENABLE_TESTABILITY = YES;
				GCC_C_LANGUAGE_STANDARD = gnu99;
				GCC_DYNAMIC_NO_PIC = NO;
				GCC_NO_COMMON_BLOCKS = YES;
				GCC_OPTIMIZATION_LEVEL = 0;
				GCC_PREPROCESSOR_DEFINITIONS = (
					"DEBUG=1",
					"$(inherited)",
				);
				GCC_WARN_64_TO_32_BIT_CONVERSION = YES;
				GCC_WARN_ABOUT_RETURN_TYPE = YES_ERROR;
				GCC_WARN_UNDECLARED_SELECTOR = YES;
				GCC_WARN_UNINITIALIZED_AUTOS = YES_AGGRESSIVE;
				GCC_WARN_UNUSED_FUNCTION = YES;
				GCC_WARN_UNUSED_VARIABLE = YES;
				IPHONEOS_DEPLOYMENT_TARGET = 9.2;
				MTL_ENABLE_DEBUG_INFO = YES;
				ONLY_ACTIVE_ARCH = YES;
				SDKROOT = iphoneos;
			};
			name = Debug;
		};
		3AC355CF1C25A6B80002562C /* Release */ = {
			isa = XCBuildConfiguration;
			buildSettings = {
				ALWAYS_SEARCH_USER_PATHS = NO;
				CLANG_CXX_LANGUAGE_STANDARD = "gnu++0x";
				CLANG_CXX_LIBRARY = "libc++";
				CLANG_ENABLE_MODULES = YES;
				CLANG_ENABLE_OBJC_ARC = YES;
				CLANG_WARN_BOOL_CONVERSION = YES;
				CLANG_WARN_CONSTANT_CONVERSION = YES;
				CLANG_WARN_DIRECT_OBJC_ISA_USAGE = YES_ERROR;
				CLANG_WARN_EMPTY_BODY = YES;
				CLANG_WARN_ENUM_CONVERSION = YES;
				CLANG_WARN_INT_CONVERSION = YES;
				CLANG_WARN_OBJC_ROOT_CLASS = YES_ERROR;
				CLANG_WARN_UNREACHABLE_CODE = YES;
				CLANG_WARN__DUPLICATE_METHOD_MATCH = YES;
				"CODE_SIGN_IDENTITY[sdk=iphoneos*]" = "iPhone Developer";
				COPY_PHASE_STRIP = NO;
				DEBUG_INFORMATION_FORMAT = "dwarf-with-dsym";
				ENABLE_NS_ASSERTIONS = NO;
				ENABLE_STRICT_OBJC_MSGSEND = YES;
				GCC_C_LANGUAGE_STANDARD = gnu99;
				GCC_NO_COMMON_BLOCKS = YES;
				GCC_WARN_64_TO_32_BIT_CONVERSION = YES;
				GCC_WARN_ABOUT_RETURN_TYPE = YES_ERROR;
				GCC_WARN_UNDECLARED_SELECTOR = YES;
				GCC_WARN_UNINITIALIZED_AUTOS = YES_AGGRESSIVE;
				GCC_WARN_UNUSED_FUNCTION = YES;
				GCC_WARN_UNUSED_VARIABLE = YES;
				IPHONEOS_DEPLOYMENT_TARGET = 9.2;
				MTL_ENABLE_DEBUG_INFO = NO;
				SDKROOT = iphoneos;
				VALIDATE_PRODUCT = YES;
			};
			name = Release;
		};
		3AC355D11C25A6B80002562C /* Debug */ = {
			isa = XCBuildConfiguration;
			buildSettings = {
				OTHER_LDFLAGS = "-ObjC";
				PRODUCT_NAME = "$(TARGET_NAME)";
				SKIP_INSTALL = YES;
			};
			name = Debug;
		};
		3AC355D21C25A6B80002562C /* Release */ = {
			isa = XCBuildConfiguration;
			buildSettings = {
				OTHER_LDFLAGS = "-ObjC";
				PRODUCT_NAME = "$(TARGET_NAME)";
				SKIP_INSTALL = YES;
			};
			name = Release;
		};
		3ACD6F701C53C7DC00647A7F /* Debug */ = {
			isa = XCBuildConfiguration;
			buildSettings = {
				ASSETCATALOG_COMPILER_APPICON_NAME = AppIcon;
				FRAMEWORK_SEARCH_PATHS = (
					"$(inherited)",
					"$(PROJECT_DIR)",
				);
				INFOPLIST_FILE = UseHogefugaApplication/Info.plist;
				LD_RUNPATH_SEARCH_PATHS = "$(inherited) @executable_path/Frameworks";
				PRODUCT_BUNDLE_IDENTIFIER = jp.hoge.UseHogefugaApplication;
				PRODUCT_NAME = "$(TARGET_NAME)";
				SWIFT_OPTIMIZATION_LEVEL = "-Onone";
			};
			name = Debug;
		};
		3ACD6F711C53C7DC00647A7F /* Release */ = {
			isa = XCBuildConfiguration;
			buildSettings = {
				ASSETCATALOG_COMPILER_APPICON_NAME = AppIcon;
				FRAMEWORK_SEARCH_PATHS = (
					"$(inherited)",
					"$(PROJECT_DIR)",
				);
				INFOPLIST_FILE = UseHogefugaApplication/Info.plist;
				LD_RUNPATH_SEARCH_PATHS = "$(inherited) @executable_path/Frameworks";
				PRODUCT_BUNDLE_IDENTIFIER = jp.hoge.UseHogefugaApplication;
				PRODUCT_NAME = "$(TARGET_NAME)";
			};
			name = Release;
		};
/* End XCBuildConfiguration section */

/* Begin XCConfigurationList section */
		3AC355C21C25A6B80002562C /* Build configuration list for PBXProject "HOGEFuga" */ = {
			isa = XCConfigurationList;
			buildConfigurations = (
				3AC355CE1C25A6B80002562C /* Debug */,
				3AC355CF1C25A6B80002562C /* Release */,
			);
			defaultConfigurationIsVisible = 0;
			defaultConfigurationName = Release;
		};
		3AC355D01C25A6B80002562C /* Build configuration list for PBXNativeTarget "HOGEFuga" */ = {
			isa = XCConfigurationList;
			buildConfigurations = (
				3AC355D11C25A6B80002562C /* Debug */,
				3AC355D21C25A6B80002562C /* Release */,
			);
			defaultConfigurationIsVisible = 0;
			defaultConfigurationName = Release;
		};
		3ACD6F721C53C7DC00647A7F /* Build configuration list for PBXNativeTarget "UseHogefugaApplication" */ = {
			isa = XCConfigurationList;
			buildConfigurations = (
				3ACD6F701C53C7DC00647A7F /* Debug */,
				3ACD6F711C53C7DC00647A7F /* Release */,
			);
			defaultConfigurationIsVisible = 0;
		};
/* End XCConfigurationList section */
	};
	rootObject = 3AC355BF1C25A6B80002562C /* Project object */;
}
